
Microsoft Visual Studio Solution File, Format Version 12.00
# Visual Studio Version 17
VisualStudioVersion = 17.5.33502.453
MinimumVisualStudioVersion = 10.0.40219.1
Project("{FAE04EC0-301F-11D3-BF4B-00C04F79EFBC}") = "Dz28.03.2023", "Dz28.03.2023\Dz28.03.2023.csproj", "{09A2E644-2185-4E60-B3FF-629C261334C1}"
EndProject
Global
	GlobalSection(SolutionConfigurationPlatforms) = preSolution
		Debug|Any CPU = Debug|Any CPU
		Release|Any CPU = Release|Any CPU
	EndGlobalSection
	GlobalSection(ProjectConfigurationPlatforms) = postSolution
		{09A2E644-2185-4E60-B3FF-629C261334C1}.Debug|Any CPU.ActiveCfg = Debug|Any CPU
		{09A2E644-2185-4E60-B3FF-629C261334C1}.Debug|Any CPU.Build.0 = Debug|Any CPU
		{09A2E644-2185-4E60-B3FF-629C261334C1}.Release|Any CPU.ActiveCfg = Release|Any CPU
		{09A2E644-2185-4E60-B3FF-629C261334C1}.Release|Any CPU.Build.0 = Release|Any CPU
	EndGlobalSection
	GlobalSection(SolutionProperties) = preSolution
		HideSolutionNode = FALSE
	EndGlobalSection
	GlobalSection(ExtensibilityGlobals) = postSolution
		SolutionGuid = {7701E5D9-288A-42DE-919D-FF491607C1A8}
	EndGlobalSection
EndGlobal
