
Microsoft Visual Studio Solution File, Format Version 12.00
# Visual Studio Version 17
VisualStudioVersion = 17.5.33530.505
MinimumVisualStudioVersion = 10.0.40219.1
Project("{FAE04EC0-301F-11D3-BF4B-00C04F79EFBC}") = "FirstTask", "Dz21.04.2023\FirstTask.csproj", "{75F5A7EB-EAEE-4713-A854-963C04435C8E}"
EndProject
Project("{FAE04EC0-301F-11D3-BF4B-00C04F79EFBC}") = "SecondTask", "SecondTask\SecondTask.csproj", "{6FE21EA5-0B35-4D0E-998B-071C2E93B941}"
EndProject
Project("{FAE04EC0-301F-11D3-BF4B-00C04F79EFBC}") = "ThirdTask", "ThirdTask\ThirdTask.csproj", "{1B583681-653F-46F9-ACD1-6CFC20B95A70}"
EndProject
Global
	GlobalSection(SolutionConfigurationPlatforms) = preSolution
		Debug|Any CPU = Debug|Any CPU
		Release|Any CPU = Release|Any CPU
	EndGlobalSection
	GlobalSection(ProjectConfigurationPlatforms) = postSolution
		{75F5A7EB-EAEE-4713-A854-963C04435C8E}.Debug|Any CPU.ActiveCfg = Debug|Any CPU
		{75F5A7EB-EAEE-4713-A854-963C04435C8E}.Debug|Any CPU.Build.0 = Debug|Any CPU
		{75F5A7EB-EAEE-4713-A854-963C04435C8E}.Release|Any CPU.ActiveCfg = Release|Any CPU
		{75F5A7EB-EAEE-4713-A854-963C04435C8E}.Release|Any CPU.Build.0 = Release|Any CPU
		{6FE21EA5-0B35-4D0E-998B-071C2E93B941}.Debug|Any CPU.ActiveCfg = Debug|Any CPU
		{6FE21EA5-0B35-4D0E-998B-071C2E93B941}.Debug|Any CPU.Build.0 = Debug|Any CPU
		{6FE21EA5-0B35-4D0E-998B-071C2E93B941}.Release|Any CPU.ActiveCfg = Release|Any CPU
		{6FE21EA5-0B35-4D0E-998B-071C2E93B941}.Release|Any CPU.Build.0 = Release|Any CPU
		{1B583681-653F-46F9-ACD1-6CFC20B95A70}.Debug|Any CPU.ActiveCfg = Debug|Any CPU
		{1B583681-653F-46F9-ACD1-6CFC20B95A70}.Debug|Any CPU.Build.0 = Debug|Any CPU
		{1B583681-653F-46F9-ACD1-6CFC20B95A70}.Release|Any CPU.ActiveCfg = Release|Any CPU
		{1B583681-653F-46F9-ACD1-6CFC20B95A70}.Release|Any CPU.Build.0 = Release|Any CPU
	EndGlobalSection
	GlobalSection(SolutionProperties) = preSolution
		HideSolutionNode = FALSE
	EndGlobalSection
	GlobalSection(ExtensibilityGlobals) = postSolution
		SolutionGuid = {E6C97C00-8008-4778-9B33-274501AF65F6}
	EndGlobalSection
EndGlobal
