
Microsoft Visual Studio Solution File, Format Version 12.00
# Visual Studio Version 17
VisualStudioVersion = 17.5.33530.505
MinimumVisualStudioVersion = 10.0.40219.1
Project("{FAE04EC0-301F-11D3-BF4B-00C04F79EFBC}") = "Dz25.04.2023", "Dz25.04.2023\Dz25.04.2023.csproj", "{7C4B2491-A088-4512-989B-5213C5DE0187}"
EndProject
Global
	GlobalSection(SolutionConfigurationPlatforms) = preSolution
		Debug|Any CPU = Debug|Any CPU
		Release|Any CPU = Release|Any CPU
	EndGlobalSection
	GlobalSection(ProjectConfigurationPlatforms) = postSolution
		{7C4B2491-A088-4512-989B-5213C5DE0187}.Debug|Any CPU.ActiveCfg = Debug|Any CPU
		{7C4B2491-A088-4512-989B-5213C5DE0187}.Debug|Any CPU.Build.0 = Debug|Any CPU
		{7C4B2491-A088-4512-989B-5213C5DE0187}.Release|Any CPU.ActiveCfg = Release|Any CPU
		{7C4B2491-A088-4512-989B-5213C5DE0187}.Release|Any CPU.Build.0 = Release|Any CPU
	EndGlobalSection
	GlobalSection(SolutionProperties) = preSolution
		HideSolutionNode = FALSE
	EndGlobalSection
	GlobalSection(ExtensibilityGlobals) = postSolution
		SolutionGuid = {E3BEC5E1-C090-47B2-ACC7-F0123F483B3C}
	EndGlobalSection
EndGlobal
