
Microsoft Visual Studio Solution File, Format Version 12.00
# Visual Studio Version 17
VisualStudioVersion = 17.5.33502.453
MinimumVisualStudioVersion = 10.0.40219.1
Project("{FAE04EC0-301F-11D3-BF4B-00C04F79EFBC}") = "WindowsFormsApp1", "WindowsFormsApp1\WindowsFormsApp1.csproj", "{1D64EDE4-AE47-44CA-8F8B-A264D7355C0E}"
EndProject
Global
	GlobalSection(SolutionConfigurationPlatforms) = preSolution
		Debug|Any CPU = Debug|Any CPU
		Release|Any CPU = Release|Any CPU
	EndGlobalSection
	GlobalSection(ProjectConfigurationPlatforms) = postSolution
		{1D64EDE4-AE47-44CA-8F8B-A264D7355C0E}.Debug|Any CPU.ActiveCfg = Debug|Any CPU
		{1D64EDE4-AE47-44CA-8F8B-A264D7355C0E}.Debug|Any CPU.Build.0 = Debug|Any CPU
		{1D64EDE4-AE47-44CA-8F8B-A264D7355C0E}.Release|Any CPU.ActiveCfg = Release|Any CPU
		{1D64EDE4-AE47-44CA-8F8B-A264D7355C0E}.Release|Any CPU.Build.0 = Release|Any CPU
	EndGlobalSection
	GlobalSection(SolutionProperties) = preSolution
		HideSolutionNode = FALSE
	EndGlobalSection
	GlobalSection(ExtensibilityGlobals) = postSolution
		SolutionGuid = {A2518C48-4FF2-453F-8310-24611AA08E7A}
	EndGlobalSection
EndGlobal
