
Microsoft Visual Studio Solution File, Format Version 12.00
# Visual Studio Version 17
VisualStudioVersion = 17.4.33213.308
MinimumVisualStudioVersion = 10.0.40219.1
Project("{FAE04EC0-301F-11D3-BF4B-00C04F79EFBC}") = "Dz06.03.2023", "Dz06.03.2023\Dz06.03.2023.csproj", "{37691766-E651-4917-B5CF-4DC415E20E11}"
EndProject
Global
	GlobalSection(SolutionConfigurationPlatforms) = preSolution
		Debug|Any CPU = Debug|Any CPU
		Release|Any CPU = Release|Any CPU
	EndGlobalSection
	GlobalSection(ProjectConfigurationPlatforms) = postSolution
		{37691766-E651-4917-B5CF-4DC415E20E11}.Debug|Any CPU.ActiveCfg = Debug|Any CPU
		{37691766-E651-4917-B5CF-4DC415E20E11}.Debug|Any CPU.Build.0 = Debug|Any CPU
		{37691766-E651-4917-B5CF-4DC415E20E11}.Release|Any CPU.ActiveCfg = Release|Any CPU
		{37691766-E651-4917-B5CF-4DC415E20E11}.Release|Any CPU.Build.0 = Release|Any CPU
	EndGlobalSection
	GlobalSection(SolutionProperties) = preSolution
		HideSolutionNode = FALSE
	EndGlobalSection
	GlobalSection(ExtensibilityGlobals) = postSolution
		SolutionGuid = {827409D0-3626-43EA-9CE8-CD572370A77D}
	EndGlobalSection
EndGlobal
