
Microsoft Visual Studio Solution File, Format Version 12.00
# Visual Studio Version 17
VisualStudioVersion = 17.4.33213.308
MinimumVisualStudioVersion = 10.0.40219.1
Project("{FAE04EC0-301F-11D3-BF4B-00C04F79EFBC}") = "test", "test\test.csproj", "{ECB943D1-3D49-47D5-A110-9505DE64DB3F}"
EndProject
Global
	GlobalSection(SolutionConfigurationPlatforms) = preSolution
		Debug|Any CPU = Debug|Any CPU
		Release|Any CPU = Release|Any CPU
	EndGlobalSection
	GlobalSection(ProjectConfigurationPlatforms) = postSolution
		{ECB943D1-3D49-47D5-A110-9505DE64DB3F}.Debug|Any CPU.ActiveCfg = Debug|Any CPU
		{ECB943D1-3D49-47D5-A110-9505DE64DB3F}.Debug|Any CPU.Build.0 = Debug|Any CPU
		{ECB943D1-3D49-47D5-A110-9505DE64DB3F}.Release|Any CPU.ActiveCfg = Release|Any CPU
		{ECB943D1-3D49-47D5-A110-9505DE64DB3F}.Release|Any CPU.Build.0 = Release|Any CPU
	EndGlobalSection
	GlobalSection(SolutionProperties) = preSolution
		HideSolutionNode = FALSE
	EndGlobalSection
	GlobalSection(ExtensibilityGlobals) = postSolution
		SolutionGuid = {6C0C3CD7-B955-4644-AAAB-7DA942876531}
	EndGlobalSection
EndGlobal
