
Microsoft Visual Studio Solution File, Format Version 12.00
# Visual Studio Version 17
VisualStudioVersion = 17.5.33516.290
MinimumVisualStudioVersion = 10.0.40219.1
Project("{FAE04EC0-301F-11D3-BF4B-00C04F79EFBC}") = "Dz17.04.2023", "Dz17.04.2023\Dz17.04.2023.csproj", "{D4615424-7271-497A-87DD-F8FE16E167D1}"
EndProject
Global
	GlobalSection(SolutionConfigurationPlatforms) = preSolution
		Debug|Any CPU = Debug|Any CPU
		Release|Any CPU = Release|Any CPU
	EndGlobalSection
	GlobalSection(ProjectConfigurationPlatforms) = postSolution
		{D4615424-7271-497A-87DD-F8FE16E167D1}.Debug|Any CPU.ActiveCfg = Debug|Any CPU
		{D4615424-7271-497A-87DD-F8FE16E167D1}.Debug|Any CPU.Build.0 = Debug|Any CPU
		{D4615424-7271-497A-87DD-F8FE16E167D1}.Release|Any CPU.ActiveCfg = Release|Any CPU
		{D4615424-7271-497A-87DD-F8FE16E167D1}.Release|Any CPU.Build.0 = Release|Any CPU
	EndGlobalSection
	GlobalSection(SolutionProperties) = preSolution
		HideSolutionNode = FALSE
	EndGlobalSection
	GlobalSection(ExtensibilityGlobals) = postSolution
		SolutionGuid = {62ABFADF-5F66-42C9-85CE-AF138F060B68}
	EndGlobalSection
EndGlobal
