
Microsoft Visual Studio Solution File, Format Version 12.00
# Visual Studio Version 17
VisualStudioVersion = 17.5.33502.453
MinimumVisualStudioVersion = 10.0.40219.1
Project("{FAE04EC0-301F-11D3-BF4B-00C04F79EFBC}") = "Dz03.04.2023_2", "Dz03.04.2023_2\Dz03.04.2023_2.csproj", "{D0B1D9A8-72BA-4B07-9E2B-8C62DC6E6F02}"
EndProject
Global
	GlobalSection(SolutionConfigurationPlatforms) = preSolution
		Debug|Any CPU = Debug|Any CPU
		Release|Any CPU = Release|Any CPU
	EndGlobalSection
	GlobalSection(ProjectConfigurationPlatforms) = postSolution
		{D0B1D9A8-72BA-4B07-9E2B-8C62DC6E6F02}.Debug|Any CPU.ActiveCfg = Debug|Any CPU
		{D0B1D9A8-72BA-4B07-9E2B-8C62DC6E6F02}.Debug|Any CPU.Build.0 = Debug|Any CPU
		{D0B1D9A8-72BA-4B07-9E2B-8C62DC6E6F02}.Release|Any CPU.ActiveCfg = Release|Any CPU
		{D0B1D9A8-72BA-4B07-9E2B-8C62DC6E6F02}.Release|Any CPU.Build.0 = Release|Any CPU
	EndGlobalSection
	GlobalSection(SolutionProperties) = preSolution
		HideSolutionNode = FALSE
	EndGlobalSection
	GlobalSection(ExtensibilityGlobals) = postSolution
		SolutionGuid = {72482759-C9F2-404E-A065-53AFE620F46F}
	EndGlobalSection
EndGlobal
