
Microsoft Visual Studio Solution File, Format Version 12.00
# Visual Studio Version 17
VisualStudioVersion = 17.5.33502.453
MinimumVisualStudioVersion = 10.0.40219.1
Project("{FAE04EC0-301F-11D3-BF4B-00C04F79EFBC}") = "Dz07.04.2023", "Dz07.04.2023\Dz07.04.2023.csproj", "{CF93A815-22A2-428D-94AD-C5E951C7BFEA}"
EndProject
Global
	GlobalSection(SolutionConfigurationPlatforms) = preSolution
		Debug|Any CPU = Debug|Any CPU
		Release|Any CPU = Release|Any CPU
	EndGlobalSection
	GlobalSection(ProjectConfigurationPlatforms) = postSolution
		{CF93A815-22A2-428D-94AD-C5E951C7BFEA}.Debug|Any CPU.ActiveCfg = Debug|Any CPU
		{CF93A815-22A2-428D-94AD-C5E951C7BFEA}.Debug|Any CPU.Build.0 = Debug|Any CPU
		{CF93A815-22A2-428D-94AD-C5E951C7BFEA}.Release|Any CPU.ActiveCfg = Release|Any CPU
		{CF93A815-22A2-428D-94AD-C5E951C7BFEA}.Release|Any CPU.Build.0 = Release|Any CPU
	EndGlobalSection
	GlobalSection(SolutionProperties) = preSolution
		HideSolutionNode = FALSE
	EndGlobalSection
	GlobalSection(ExtensibilityGlobals) = postSolution
		SolutionGuid = {E29DC516-85BF-4410-B0C8-80BF02547824}
	EndGlobalSection
EndGlobal
