
Microsoft Visual Studio Solution File, Format Version 12.00
# Visual Studio Version 17
VisualStudioVersion = 17.4.33213.308
MinimumVisualStudioVersion = 10.0.40219.1
Project("{FAE04EC0-301F-11D3-BF4B-00C04F79EFBC}") = "Dz09.02.2023", "Dz09.02.2023\Dz09.02.2023.csproj", "{A01F00CA-16D0-41C2-85C8-909063AEB92C}"
EndProject
Global
	GlobalSection(SolutionConfigurationPlatforms) = preSolution
		Debug|Any CPU = Debug|Any CPU
		Release|Any CPU = Release|Any CPU
	EndGlobalSection
	GlobalSection(ProjectConfigurationPlatforms) = postSolution
		{A01F00CA-16D0-41C2-85C8-909063AEB92C}.Debug|Any CPU.ActiveCfg = Debug|Any CPU
		{A01F00CA-16D0-41C2-85C8-909063AEB92C}.Debug|Any CPU.Build.0 = Debug|Any CPU
		{A01F00CA-16D0-41C2-85C8-909063AEB92C}.Release|Any CPU.ActiveCfg = Release|Any CPU
		{A01F00CA-16D0-41C2-85C8-909063AEB92C}.Release|Any CPU.Build.0 = Release|Any CPU
	EndGlobalSection
	GlobalSection(SolutionProperties) = preSolution
		HideSolutionNode = FALSE
	EndGlobalSection
	GlobalSection(ExtensibilityGlobals) = postSolution
		SolutionGuid = {A33115B9-14C6-45E2-8F80-457070DC76FE}
	EndGlobalSection
EndGlobal
