
Microsoft Visual Studio Solution File, Format Version 12.00
# Visual Studio Version 17
VisualStudioVersion = 17.4.33213.308
MinimumVisualStudioVersion = 10.0.40219.1
Project("{FAE04EC0-301F-11D3-BF4B-00C04F79EFBC}") = "Laba09.02.2023", "Laba09.02.2023\Laba09.02.2023.csproj", "{DA62DA92-3F3E-4C09-B412-DC6AFC1AE811}"
EndProject
Global
	GlobalSection(SolutionConfigurationPlatforms) = preSolution
		Debug|Any CPU = Debug|Any CPU
		Release|Any CPU = Release|Any CPU
	EndGlobalSection
	GlobalSection(ProjectConfigurationPlatforms) = postSolution
		{DA62DA92-3F3E-4C09-B412-DC6AFC1AE811}.Debug|Any CPU.ActiveCfg = Debug|Any CPU
		{DA62DA92-3F3E-4C09-B412-DC6AFC1AE811}.Debug|Any CPU.Build.0 = Debug|Any CPU
		{DA62DA92-3F3E-4C09-B412-DC6AFC1AE811}.Release|Any CPU.ActiveCfg = Release|Any CPU
		{DA62DA92-3F3E-4C09-B412-DC6AFC1AE811}.Release|Any CPU.Build.0 = Release|Any CPU
	EndGlobalSection
	GlobalSection(SolutionProperties) = preSolution
		HideSolutionNode = FALSE
	EndGlobalSection
	GlobalSection(ExtensibilityGlobals) = postSolution
		SolutionGuid = {C8AB5FE0-FC7A-44A2-9B28-47A6DCFB79B9}
	EndGlobalSection
EndGlobal
