
Microsoft Visual Studio Solution File, Format Version 12.00
# Visual Studio Version 17
VisualStudioVersion = 17.4.33213.308
MinimumVisualStudioVersion = 10.0.40219.1
Project("{FAE04EC0-301F-11D3-BF4B-00C04F79EFBC}") = "Dz20.03.2023", "Dz20.03.2023\Dz20.03.2023.csproj", "{136B84F6-8316-4EF3-8331-A9732B08FE22}"
EndProject
Global
	GlobalSection(SolutionConfigurationPlatforms) = preSolution
		Debug|Any CPU = Debug|Any CPU
		Release|Any CPU = Release|Any CPU
	EndGlobalSection
	GlobalSection(ProjectConfigurationPlatforms) = postSolution
		{136B84F6-8316-4EF3-8331-A9732B08FE22}.Debug|Any CPU.ActiveCfg = Debug|Any CPU
		{136B84F6-8316-4EF3-8331-A9732B08FE22}.Debug|Any CPU.Build.0 = Debug|Any CPU
		{136B84F6-8316-4EF3-8331-A9732B08FE22}.Release|Any CPU.ActiveCfg = Release|Any CPU
		{136B84F6-8316-4EF3-8331-A9732B08FE22}.Release|Any CPU.Build.0 = Release|Any CPU
	EndGlobalSection
	GlobalSection(SolutionProperties) = preSolution
		HideSolutionNode = FALSE
	EndGlobalSection
	GlobalSection(ExtensibilityGlobals) = postSolution
		SolutionGuid = {2053FF04-55A1-41D1-A0E1-7162308CE1DF}
	EndGlobalSection
EndGlobal
