
Microsoft Visual Studio Solution File, Format Version 12.00
# Visual Studio Version 17
VisualStudioVersion = 17.4.33213.308
MinimumVisualStudioVersion = 10.0.40219.1
Project("{FAE04EC0-301F-11D3-BF4B-00C04F79EFBC}") = "Dz08.03.2023", "Dz08.03.2023\Dz08.03.2023.csproj", "{ED6F3EB8-B980-4ECA-9D1F-B9CA28B9C887}"
EndProject
Global
	GlobalSection(SolutionConfigurationPlatforms) = preSolution
		Debug|Any CPU = Debug|Any CPU
		Release|Any CPU = Release|Any CPU
	EndGlobalSection
	GlobalSection(ProjectConfigurationPlatforms) = postSolution
		{ED6F3EB8-B980-4ECA-9D1F-B9CA28B9C887}.Debug|Any CPU.ActiveCfg = Debug|Any CPU
		{ED6F3EB8-B980-4ECA-9D1F-B9CA28B9C887}.Debug|Any CPU.Build.0 = Debug|Any CPU
		{ED6F3EB8-B980-4ECA-9D1F-B9CA28B9C887}.Release|Any CPU.ActiveCfg = Release|Any CPU
		{ED6F3EB8-B980-4ECA-9D1F-B9CA28B9C887}.Release|Any CPU.Build.0 = Release|Any CPU
	EndGlobalSection
	GlobalSection(SolutionProperties) = preSolution
		HideSolutionNode = FALSE
	EndGlobalSection
	GlobalSection(ExtensibilityGlobals) = postSolution
		SolutionGuid = {1F6D2F5B-BFA0-46BB-B91F-0ECDFE8C2EEA}
	EndGlobalSection
EndGlobal
